
Microsoft Visual Studio Solution File, Format Version 12.00
# Visual Studio Version 17
VisualStudioVersion = 17.11.35312.102
MinimumVisualStudioVersion = 10.0.40219.1
Project("{9A19103F-16F7-4668-BE54-9A1E7A4F7556}") = "ProgettoClasseRubrica", "ProgettoClasseRubrica.csproj", "{3B1E932C-96C0-4604-BC5A-EDA67D23A652}"
EndProject
Global
	GlobalSection(SolutionConfigurationPlatforms) = preSolution
		Debug|Any CPU = Debug|Any CPU
		Release|Any CPU = Release|Any CPU
	EndGlobalSection
	GlobalSection(ProjectConfigurationPlatforms) = postSolution
		{3B1E932C-96C0-4604-BC5A-EDA67D23A652}.Debug|Any CPU.ActiveCfg = Debug|Any CPU
		{3B1E932C-96C0-4604-BC5A-EDA67D23A652}.Debug|Any CPU.Build.0 = Debug|Any CPU
		{3B1E932C-96C0-4604-BC5A-EDA67D23A652}.Release|Any CPU.ActiveCfg = Release|Any CPU
		{3B1E932C-96C0-4604-BC5A-EDA67D23A652}.Release|Any CPU.Build.0 = Release|Any CPU
	EndGlobalSection
	GlobalSection(SolutionProperties) = preSolution
		HideSolutionNode = FALSE
	EndGlobalSection
	GlobalSection(ExtensibilityGlobals) = postSolution
		SolutionGuid = {26ABFF8D-910F-48ED-B6F5-28CFAA1E658C}
	EndGlobalSection
EndGlobal
